{
    "_readme": [
        "This file locks the dependencies of your project to a known state",
        "Read more about it at http://getcomposer.org/doc/01-basic-usage.md#composer-lock-the-lock-file",
        "This file is @generated automatically"
    ],
    "hash": "d73cac93c09791643369cf985a1e1f87",
    "packages": [
        {
            "name": "zendframework/zend-code",
            "version": "2.3.1",
            "target-dir": "Zend/Code",
            "source": {
                "type": "git",
                "url": "https://github.com/zendframework/Component_ZendCode.git",
                "reference": "3e7cc92f946c23fb28959457fa0608c5eba29ed8"
            },
            "dist": {
                "type": "zip",
                "url": "https://api.github.com/repos/zendframework/Component_ZendCode/zipball/3e7cc92f946c23fb28959457fa0608c5eba29ed8",
                "reference": "3e7cc92f946c23fb28959457fa0608c5eba29ed8",
                "shasum": ""
            },
            "require": {
                "php": ">=5.3.23",
                "zendframework/zend-eventmanager": "self.version"
            },
            "require-dev": {
                "doctrine/common": ">=2.1",
                "zendframework/zend-stdlib": "self.version"
            },
            "suggest": {
                "doctrine/common": "Doctrine\\Common >=2.1 for annotation features",
                "zendframework/zend-stdlib": "Zend\\Stdlib component"
            },
            "type": "library",
            "extra": {
                "branch-alias": {
                    "dev-master": "2.3-dev",
                    "dev-develop": "2.4-dev"
                }
            },
            "autoload": {
                "psr-0": {
                    "Zend\\Code\\": ""
                }
            },
            "notification-url": "https://packagist.org/downloads/",
            "license": [
                "BSD-3-Clause"
            ],
            "description": "provides facilities to generate arbitrary code using an object oriented interface",
            "keywords": [
                "code",
                "zf2"
            ],
            "time": "2014-04-15 15:28:49"
        },
        {
            "name": "zendframework/zend-di",
            "version": "2.3.1",
            "target-dir": "Zend/Di",
            "source": {
                "type": "git",
                "url": "https://github.com/zendframework/Component_ZendDi.git",
                "reference": "45450000c83937a73a261a32480637b4198f4cea"
            },
            "dist": {
                "type": "zip",
                "url": "https://api.github.com/repos/zendframework/Component_ZendDi/zipball/45450000c83937a73a261a32480637b4198f4cea",
                "reference": "45450000c83937a73a261a32480637b4198f4cea",
                "shasum": ""
            },
            "require": {
                "php": ">=5.3.23",
                "zendframework/zend-code": "self.version",
                "zendframework/zend-stdlib": "self.version"
            },
            "require-dev": {
                "zendframework/zend-servicemanager": "self.version"
            },
            "suggest": {
                "zendframework/zend-servicemanager": "Zend\\ServiceManager component"
            },
            "type": "library",
            "extra": {
                "branch-alias": {
                    "dev-master": "2.3-dev",
                    "dev-develop": "2.4-dev"
                }
            },
            "autoload": {
                "psr-0": {
                    "Zend\\Di\\": ""
                }
            },
            "notification-url": "https://packagist.org/downloads/",
            "license": [
                "BSD-3-Clause"
            ],
            "keywords": [
                "di",
                "zf2"
            ],
            "time": "2014-04-15 15:29:10"
        },
        {
            "name": "zendframework/zend-eventmanager",
            "version": "2.3.1",
            "target-dir": "Zend/EventManager",
            "source": {
                "type": "git",
                "url": "https://github.com/zendframework/Component_ZendEventManager.git",
                "reference": "957faa0580c40ef6bf6cf3e87a36d594042fe133"
            },
            "dist": {
                "type": "zip",
                "url": "https://api.github.com/repos/zendframework/Component_ZendEventManager/zipball/957faa0580c40ef6bf6cf3e87a36d594042fe133",
                "reference": "957faa0580c40ef6bf6cf3e87a36d594042fe133",
                "shasum": ""
            },
            "require": {
                "php": ">=5.3.23",
                "zendframework/zend-stdlib": "self.version"
            },
            "type": "library",
            "extra": {
                "branch-alias": {
                    "dev-master": "2.3-dev",
                    "dev-develop": "2.4-dev"
                }
            },
            "autoload": {
                "psr-0": {
                    "Zend\\EventManager\\": ""
                }
            },
            "notification-url": "https://packagist.org/downloads/",
            "license": [
                "BSD-3-Clause"
            ],
            "keywords": [
                "eventmanager",
                "zf2"
            ],
            "time": "2014-04-15 14:47:18"
        },
        {
            "name": "zendframework/zend-stdlib",
            "version": "2.3.1",
            "target-dir": "Zend/Stdlib",
            "source": {
                "type": "git",
                "url": "https://github.com/zendframework/Component_ZendStdlib.git",
                "reference": "c1f4830018b5d4f034d32fa01a9e17ea176f56f6"
            },
            "dist": {
                "type": "zip",
                "url": "https://api.github.com/repos/zendframework/Component_ZendStdlib/zipball/c1f4830018b5d4f034d32fa01a9e17ea176f56f6",
                "reference": "c1f4830018b5d4f034d32fa01a9e17ea176f56f6",
                "shasum": ""
            },
            "require": {
                "php": ">=5.3.23"
            },
            "require-dev": {
                "zendframework/zend-eventmanager": "self.version",
                "zendframework/zend-serializer": "self.version",
                "zendframework/zend-servicemanager": "self.version"
            },
            "suggest": {
                "zendframework/zend-eventmanager": "To support aggregate hydrator usage",
                "zendframework/zend-serializer": "Zend\\Serializer component",
                "zendframework/zend-servicemanager": "To support hydrator plugin manager usage"
            },
            "type": "library",
            "extra": {
                "branch-alias": {
                    "dev-master": "2.3-dev",
                    "dev-develop": "2.4-dev"
                }
            },
            "autoload": {
                "psr-0": {
                    "Zend\\Stdlib\\": ""
                }
            },
            "notification-url": "https://packagist.org/downloads/",
            "license": [
                "BSD-3-Clause"
            ],
            "keywords": [
                "stdlib",
                "zf2"
            ],
            "time": "2014-04-15 15:28:48"
        }
    ],
    "packages-dev": [

    ],
    "aliases": [

    ],
    "minimum-stability": "stable",
    "stability-flags": [

    ],
    "platform": [

    ],
    "platform-dev": [

    ]
}
